<?xml version="1.0" encoding="utf-8"?>
<Project ToolsVersion="4.0" xmlns="http://schemas.microsoft.com/developer/msbuild/2003">
  <ItemGroup>
    <Filter Include="lib">
      <UniqueIdentifier>{67DA6AB6-F800-4c08-8B7A-83BB121AAD01}</UniqueIdentifier>
      <Extensions>rc;ico;cur;bmp;dlg;rc2;rct;bin;rgs;gif;jpg;jpeg;jpe;resx;tiff;tif;png;wav;mfcribbon-ms</Extensions>
    </Filter>
    <Filter Include="scr">
      <UniqueIdentifier>{4FC737F1-C7A5-4376-A066-2A32D752A2FF}</UniqueIdentifier>
      <Extensions>cpp;c;cc;cxx;def;odl;idl;hpj;bat;asm;asmx</Extensions>
    </Filter>
    <Filter Include="include">
      <UniqueIdentifier>{93995380-89BD-4b04-88EB-625FBE52EBFB}</UniqueIdentifier>
      <Extensions>h;hh;hpp;hxx;hm;inl;inc;xsd</Extensions>
    </Filter>
    <Filter Include="bin">
      <UniqueIdentifier>{780d0156-4c89-4d10-88cb-8ce91ceeafc4}</UniqueIdentifier>
    </Filter>
  </ItemGroup>
  <ItemGroup>
    <ClInclude Include="..\..\..\..\..\Downloads\robot1\robot\include\coda.h">
      <Filter>include</Filter>
    </ClInclude>
    <ClInclude Include="..\..\..\..\..\Downloads\robot1\robot\include\Matrix.h">
      <Filter>include</Filter>
    </ClInclude>
    <ClInclude Include="..\..\..\..\..\Downloads\robot1\robot\include\pgma_io.hpp">
      <Filter>include</Filter>
    </ClInclude>
  </ItemGroup>
  <ItemGroup>
    <ClCompile Include="..\..\..\..\..\Downloads\robot1\robot\scr\grassfire.cpp">
      <Filter>scr</Filter>
    </ClCompile>
    <ClCompile Include="..\..\..\..\..\Downloads\robot1\robot\lib\coda.cpp">
      <Filter>lib</Filter>
    </ClCompile>
    <ClCompile Include="..\..\..\..\..\Downloads\robot1\robot\lib\Matrix.cpp">
      <Filter>lib</Filter>
    </ClCompile>
    <ClCompile Include="..\..\..\..\..\Downloads\robot1\robot\lib\pgma_io.cpp">
      <Filter>lib</Filter>
    </ClCompile>
  </ItemGroup>
  <ItemGroup>
    <None Include="..\..\..\..\..\Downloads\robot1\robot\makefile" />
    <None Include="..\..\..\..\..\Downloads\robot1\robot\map.pgm" />
  </ItemGroup>
</Project>